{
  "nodes": {
    "home-manager-dell-laptop": {
      "inputs": {
        "nixpkgs": [
          "nixpkgs-dell-laptop"
        ]
      },
      "locked": {
        "lastModified": 1712386041,
        "narHash": "sha256-dA82pOMQNnCJMAsPG7AXG35VmCSMZsJHTFlTHizpKWQ=",
        "owner": "nix-community",
        "repo": "home-manager",
        "rev": "d6bb9f934f2870e5cbc5b94c79e9db22246141ff",
        "type": "github"
      },
      "original": {
        "owner": "nix-community",
        "ref": "release-23.11",
        "repo": "home-manager",
        "type": "github"
      }
    },
    "home-manager-pc": {
      "inputs": {
        "nixpkgs": [
          "nixpkgs-pc"
        ]
      },
      "locked": {
        "lastModified": 1719827415,
        "narHash": "sha256-pvh+1hStXXAZf0sZ1xIJbWGx4u+OGBC1rVx6Wsw0fBw=",
        "owner": "nix-community",
        "repo": "home-manager",
        "rev": "f2e3c19867262dbe84fdfab42467fc8dd83a2005",
        "type": "github"
      },
      "original": {
        "owner": "nix-community",
        "ref": "release-23.11",
        "repo": "home-manager",
        "type": "github"
      }
    },
    "nixpkgs": {
      "locked": {
        "lastModified": 1713013257,
        "narHash": "sha256-ZEfGB3YCBVggvk0BQIqVY7J8XF/9jxQ68fCca6nib+8=",
        "owner": "NixOS",
        "repo": "nixpkgs",
        "rev": "90055d5e616bd943795d38808c94dbf0dd35abe8",
        "type": "github"
      },
      "original": {
        "owner": "NixOS",
        "ref": "nixos-23.11",
        "repo": "nixpkgs",
        "type": "github"
      }
    },
    "nixpkgs-dell-laptop": {
      "locked": {
        "lastModified": 1713013257,
        "narHash": "sha256-ZEfGB3YCBVggvk0BQIqVY7J8XF/9jxQ68fCca6nib+8=",
        "owner": "NixOS",
        "repo": "nixpkgs",
        "rev": "90055d5e616bd943795d38808c94dbf0dd35abe8",
        "type": "github"
      },
      "original": {
        "owner": "NixOS",
        "ref": "nixos-23.11",
        "repo": "nixpkgs",
        "type": "github"
      }
    },
    "nixpkgs-gw": {
      "locked": {
        "lastModified": 1713013257,
        "narHash": "sha256-ZEfGB3YCBVggvk0BQIqVY7J8XF/9jxQ68fCca6nib+8=",
        "owner": "NixOS",
        "repo": "nixpkgs",
        "rev": "90055d5e616bd943795d38808c94dbf0dd35abe8",
        "type": "github"
      },
      "original": {
        "owner": "NixOS",
        "ref": "nixos-23.11",
        "repo": "nixpkgs",
        "type": "github"
      }
    },
    "nixpkgs-minipc": {
      "locked": {
        "lastModified": 1725826545,
        "narHash": "sha256-L64N1rpLlXdc94H+F6scnrbuEu+utC03cDDVvvJGOME=",
        "owner": "NixOS",
        "repo": "nixpkgs",
        "rev": "f4c846aee8e1e29062aa8514d5e0ab270f4ec2f9",
        "type": "github"
      },
      "original": {
        "owner": "NixOS",
        "ref": "nixos-24.05",
        "repo": "nixpkgs",
        "type": "github"
      }
    },
    "nixpkgs-nanopc": {
      "locked": {
        "lastModified": 1713013257,
        "narHash": "sha256-ZEfGB3YCBVggvk0BQIqVY7J8XF/9jxQ68fCca6nib+8=",
        "owner": "NixOS",
        "repo": "nixpkgs",
        "rev": "90055d5e616bd943795d38808c94dbf0dd35abe8",
        "type": "github"
      },
      "original": {
        "owner": "NixOS",
        "ref": "nixos-23.11",
        "repo": "nixpkgs",
        "type": "github"
      }
    },
    "nixpkgs-pc": {
      "locked": {
        "lastModified": 1720535198,
        "narHash": "sha256-zwVvxrdIzralnSbcpghA92tWu2DV2lwv89xZc8MTrbg=",
        "owner": "NixOS",
        "repo": "nixpkgs",
        "rev": "205fd4226592cc83fd4c0885a3e4c9c400efabb5",
        "type": "github"
      },
      "original": {
        "owner": "NixOS",
        "ref": "nixos-23.11",
        "repo": "nixpkgs",
        "type": "github"
      }
    },
    "root": {
      "inputs": {
        "home-manager-dell-laptop": "home-manager-dell-laptop",
        "home-manager-pc": "home-manager-pc",
        "nixpkgs": "nixpkgs",
        "nixpkgs-dell-laptop": "nixpkgs-dell-laptop",
        "nixpkgs-gw": "nixpkgs-gw",
        "nixpkgs-minipc": "nixpkgs-minipc",
        "nixpkgs-nanopc": "nixpkgs-nanopc",
        "nixpkgs-pc": "nixpkgs-pc"
      }
    }
  },
  "root": "root",
  "version": 7
}
