{
  "nodes": {
    "home-manager-23-11": {
      "inputs": {
        "nixpkgs": [
          "nixpkgs-23-11"
        ]
      },
      "locked": {
        "lastModified": 1706981411,
        "narHash": "sha256-cLbLPTL1CDmETVh4p0nQtvoF+FSEjsnJTFpTxhXywhQ=",
        "owner": "nix-community",
        "repo": "home-manager",
        "rev": "652fda4ca6dafeb090943422c34ae9145787af37",
        "type": "github"
      },
      "original": {
        "owner": "nix-community",
        "ref": "release-23.11",
        "repo": "home-manager",
        "type": "github"
      }
    },
    "nixpkgs-23-05": {
      "locked": {
        "lastModified": 1704290814,
        "narHash": "sha256-LWvKHp7kGxk/GEtlrGYV68qIvPHkU9iToomNFGagixU=",
        "owner": "NixOS",
        "repo": "nixpkgs",
        "rev": "70bdadeb94ffc8806c0570eb5c2695ad29f0e421",
        "type": "github"
      },
      "original": {
        "owner": "NixOS",
        "ref": "nixos-23.05",
        "repo": "nixpkgs",
        "type": "github"
      }
    },
    "nixpkgs-23-11": {
      "locked": {
        "lastModified": 1707347730,
        "narHash": "sha256-0etC/exQIaqC9vliKhc3eZE2Mm2wgLa0tj93ZF/egvM=",
        "owner": "NixOS",
        "repo": "nixpkgs",
        "rev": "6832d0d99649db3d65a0e15fa51471537b2c56a6",
        "type": "github"
      },
      "original": {
        "owner": "NixOS",
        "ref": "nixos-23.11",
        "repo": "nixpkgs",
        "type": "github"
      }
    },
    "root": {
      "inputs": {
        "home-manager-23-11": "home-manager-23-11",
        "nixpkgs-23-05": "nixpkgs-23-05",
        "nixpkgs-23-11": "nixpkgs-23-11"
      }
    }
  },
  "root": "root",
  "version": 7
}
